
Microsoft Visual Studio Solution File, Format Version 12.00
# Visual Studio Version 16
VisualStudioVersion = 16.0.31624.102
MinimumVisualStudioVersion = 10.0.40219.1
Project("{2150E333-8FDC-42A3-9474-1A3956D46DE8}") = "Exercises", "Exercises", "{040AB1BA-17B8-48EC-89AB-28138B6073B5}"
EndProject
Project("{2150E333-8FDC-42A3-9474-1A3956D46DE8}") = "Lectures", "Lectures", "{AF6F0E8B-EC29-4FA9-9864-9D0148A4FDDF}"
EndProject
Project("{2150E333-8FDC-42A3-9474-1A3956D46DE8}") = "MoreExercises", "MoreExercises", "{96E0649F-CBC7-4751-835F-221AC51DA82B}"
EndProject
Project("{8BC9CEB8-8B4A-11D0-8D11-00A0C91BC942}") = "P01HelloSoftUni", "Lectures\P01HelloSoftUni\P01HelloSoftUni.vcxproj", "{26E8FF73-E5A4-447F-8834-A4AF2AE8DFB9}"
EndProject
Project("{8BC9CEB8-8B4A-11D0-8D11-00A0C91BC942}") = "P02Nums1To10", "Lectures\P02Nums1To10\P02Nums1To10.vcxproj", "{4C7E2647-B087-4C26-98E6-8EEFC1B2DEF0}"
EndProject
Project("{8BC9CEB8-8B4A-11D0-8D11-00A0C91BC942}") = "P03SquareArea", "Lectures\P03SquareArea\P03SquareArea.vcxproj", "{D97E86DA-26D6-4734-A181-9582AACD4687}"
EndProject
Project("{8BC9CEB8-8B4A-11D0-8D11-00A0C91BC942}") = "P04InchesToCentimeters", "Lectures\P04InchesToCentimeters\P04InchesToCentimeters.vcxproj", "{48020D9C-5FD9-4368-B1B5-53B63B42652E}"
EndProject
Project("{8BC9CEB8-8B4A-11D0-8D11-00A0C91BC942}") = "P05GreetingByName", "Lectures\P05GreetingByName\P05GreetingByName.vcxproj", "{BF02DB87-2840-4A91-972B-92798B848CB2}"
EndProject
Project("{8BC9CEB8-8B4A-11D0-8D11-00A0C91BC942}") = "P06ConcatenateData", "Lectures\P06ConcatenateData\P06ConcatenateData.vcxproj", "{90AE4028-8AC5-4F8F-B96E-EC96CB9EA4F7}"
EndProject
Project("{8BC9CEB8-8B4A-11D0-8D11-00A0C91BC942}") = "P07ProjectsCreation", "Lectures\P07ProjectsCreation\P07ProjectsCreation.vcxproj", "{A868363E-048F-4761-B99F-D3DD77583E5D}"
EndProject
Project("{8BC9CEB8-8B4A-11D0-8D11-00A0C91BC942}") = "P08PetShop", "Lectures\P08PetShop\P08PetShop.vcxproj", "{73AC4C44-316D-4682-B63F-AC7CEB882A6D}"
EndProject
Project("{8BC9CEB8-8B4A-11D0-8D11-00A0C91BC942}") = "P09YardGreening", "Lectures\P09YardGreening\P09YardGreening.vcxproj", "{54B043E8-09BA-4C1C-A319-CA3D49BE5367}"
EndProject
Global
	GlobalSection(SolutionConfigurationPlatforms) = preSolution
		Debug|x64 = Debug|x64
		Debug|x86 = Debug|x86
		Release|x64 = Release|x64
		Release|x86 = Release|x86
	EndGlobalSection
	GlobalSection(ProjectConfigurationPlatforms) = postSolution
		{26E8FF73-E5A4-447F-8834-A4AF2AE8DFB9}.Debug|x64.ActiveCfg = Debug|x64
		{26E8FF73-E5A4-447F-8834-A4AF2AE8DFB9}.Debug|x64.Build.0 = Debug|x64
		{26E8FF73-E5A4-447F-8834-A4AF2AE8DFB9}.Debug|x86.ActiveCfg = Debug|Win32
		{26E8FF73-E5A4-447F-8834-A4AF2AE8DFB9}.Debug|x86.Build.0 = Debug|Win32
		{26E8FF73-E5A4-447F-8834-A4AF2AE8DFB9}.Release|x64.ActiveCfg = Release|x64
		{26E8FF73-E5A4-447F-8834-A4AF2AE8DFB9}.Release|x64.Build.0 = Release|x64
		{26E8FF73-E5A4-447F-8834-A4AF2AE8DFB9}.Release|x86.ActiveCfg = Release|Win32
		{26E8FF73-E5A4-447F-8834-A4AF2AE8DFB9}.Release|x86.Build.0 = Release|Win32
		{4C7E2647-B087-4C26-98E6-8EEFC1B2DEF0}.Debug|x64.ActiveCfg = Debug|x64
		{4C7E2647-B087-4C26-98E6-8EEFC1B2DEF0}.Debug|x64.Build.0 = Debug|x64
		{4C7E2647-B087-4C26-98E6-8EEFC1B2DEF0}.Debug|x86.ActiveCfg = Debug|Win32
		{4C7E2647-B087-4C26-98E6-8EEFC1B2DEF0}.Debug|x86.Build.0 = Debug|Win32
		{4C7E2647-B087-4C26-98E6-8EEFC1B2DEF0}.Release|x64.ActiveCfg = Release|x64
		{4C7E2647-B087-4C26-98E6-8EEFC1B2DEF0}.Release|x64.Build.0 = Release|x64
		{4C7E2647-B087-4C26-98E6-8EEFC1B2DEF0}.Release|x86.ActiveCfg = Release|Win32
		{4C7E2647-B087-4C26-98E6-8EEFC1B2DEF0}.Release|x86.Build.0 = Release|Win32
		{D97E86DA-26D6-4734-A181-9582AACD4687}.Debug|x64.ActiveCfg = Debug|x64
		{D97E86DA-26D6-4734-A181-9582AACD4687}.Debug|x64.Build.0 = Debug|x64
		{D97E86DA-26D6-4734-A181-9582AACD4687}.Debug|x86.ActiveCfg = Debug|Win32
		{D97E86DA-26D6-4734-A181-9582AACD4687}.Debug|x86.Build.0 = Debug|Win32
		{D97E86DA-26D6-4734-A181-9582AACD4687}.Release|x64.ActiveCfg = Release|x64
		{D97E86DA-26D6-4734-A181-9582AACD4687}.Release|x64.Build.0 = Release|x64
		{D97E86DA-26D6-4734-A181-9582AACD4687}.Release|x86.ActiveCfg = Release|Win32
		{D97E86DA-26D6-4734-A181-9582AACD4687}.Release|x86.Build.0 = Release|Win32
		{48020D9C-5FD9-4368-B1B5-53B63B42652E}.Debug|x64.ActiveCfg = Debug|x64
		{48020D9C-5FD9-4368-B1B5-53B63B42652E}.Debug|x64.Build.0 = Debug|x64
		{48020D9C-5FD9-4368-B1B5-53B63B42652E}.Debug|x86.ActiveCfg = Debug|Win32
		{48020D9C-5FD9-4368-B1B5-53B63B42652E}.Debug|x86.Build.0 = Debug|Win32
		{48020D9C-5FD9-4368-B1B5-53B63B42652E}.Release|x64.ActiveCfg = Release|x64
		{48020D9C-5FD9-4368-B1B5-53B63B42652E}.Release|x64.Build.0 = Release|x64
		{48020D9C-5FD9-4368-B1B5-53B63B42652E}.Release|x86.ActiveCfg = Release|Win32
		{48020D9C-5FD9-4368-B1B5-53B63B42652E}.Release|x86.Build.0 = Release|Win32
		{BF02DB87-2840-4A91-972B-92798B848CB2}.Debug|x64.ActiveCfg = Debug|x64
		{BF02DB87-2840-4A91-972B-92798B848CB2}.Debug|x64.Build.0 = Debug|x64
		{BF02DB87-2840-4A91-972B-92798B848CB2}.Debug|x86.ActiveCfg = Debug|Win32
		{BF02DB87-2840-4A91-972B-92798B848CB2}.Debug|x86.Build.0 = Debug|Win32
		{BF02DB87-2840-4A91-972B-92798B848CB2}.Release|x64.ActiveCfg = Release|x64
		{BF02DB87-2840-4A91-972B-92798B848CB2}.Release|x64.Build.0 = Release|x64
		{BF02DB87-2840-4A91-972B-92798B848CB2}.Release|x86.ActiveCfg = Release|Win32
		{BF02DB87-2840-4A91-972B-92798B848CB2}.Release|x86.Build.0 = Release|Win32
		{90AE4028-8AC5-4F8F-B96E-EC96CB9EA4F7}.Debug|x64.ActiveCfg = Debug|x64
		{90AE4028-8AC5-4F8F-B96E-EC96CB9EA4F7}.Debug|x64.Build.0 = Debug|x64
		{90AE4028-8AC5-4F8F-B96E-EC96CB9EA4F7}.Debug|x86.ActiveCfg = Debug|Win32
		{90AE4028-8AC5-4F8F-B96E-EC96CB9EA4F7}.Debug|x86.Build.0 = Debug|Win32
		{90AE4028-8AC5-4F8F-B96E-EC96CB9EA4F7}.Release|x64.ActiveCfg = Release|x64
		{90AE4028-8AC5-4F8F-B96E-EC96CB9EA4F7}.Release|x64.Build.0 = Release|x64
		{90AE4028-8AC5-4F8F-B96E-EC96CB9EA4F7}.Release|x86.ActiveCfg = Release|Win32
		{90AE4028-8AC5-4F8F-B96E-EC96CB9EA4F7}.Release|x86.Build.0 = Release|Win32
		{A868363E-048F-4761-B99F-D3DD77583E5D}.Debug|x64.ActiveCfg = Debug|x64
		{A868363E-048F-4761-B99F-D3DD77583E5D}.Debug|x64.Build.0 = Debug|x64
		{A868363E-048F-4761-B99F-D3DD77583E5D}.Debug|x86.ActiveCfg = Debug|Win32
		{A868363E-048F-4761-B99F-D3DD77583E5D}.Debug|x86.Build.0 = Debug|Win32
		{A868363E-048F-4761-B99F-D3DD77583E5D}.Release|x64.ActiveCfg = Release|x64
		{A868363E-048F-4761-B99F-D3DD77583E5D}.Release|x64.Build.0 = Release|x64
		{A868363E-048F-4761-B99F-D3DD77583E5D}.Release|x86.ActiveCfg = Release|Win32
		{A868363E-048F-4761-B99F-D3DD77583E5D}.Release|x86.Build.0 = Release|Win32
		{73AC4C44-316D-4682-B63F-AC7CEB882A6D}.Debug|x64.ActiveCfg = Debug|x64
		{73AC4C44-316D-4682-B63F-AC7CEB882A6D}.Debug|x64.Build.0 = Debug|x64
		{73AC4C44-316D-4682-B63F-AC7CEB882A6D}.Debug|x86.ActiveCfg = Debug|Win32
		{73AC4C44-316D-4682-B63F-AC7CEB882A6D}.Debug|x86.Build.0 = Debug|Win32
		{73AC4C44-316D-4682-B63F-AC7CEB882A6D}.Release|x64.ActiveCfg = Release|x64
		{73AC4C44-316D-4682-B63F-AC7CEB882A6D}.Release|x64.Build.0 = Release|x64
		{73AC4C44-316D-4682-B63F-AC7CEB882A6D}.Release|x86.ActiveCfg = Release|Win32
		{73AC4C44-316D-4682-B63F-AC7CEB882A6D}.Release|x86.Build.0 = Release|Win32
		{54B043E8-09BA-4C1C-A319-CA3D49BE5367}.Debug|x64.ActiveCfg = Debug|x64
		{54B043E8-09BA-4C1C-A319-CA3D49BE5367}.Debug|x64.Build.0 = Debug|x64
		{54B043E8-09BA-4C1C-A319-CA3D49BE5367}.Debug|x86.ActiveCfg = Debug|Win32
		{54B043E8-09BA-4C1C-A319-CA3D49BE5367}.Debug|x86.Build.0 = Debug|Win32
		{54B043E8-09BA-4C1C-A319-CA3D49BE5367}.Release|x64.ActiveCfg = Release|x64
		{54B043E8-09BA-4C1C-A319-CA3D49BE5367}.Release|x64.Build.0 = Release|x64
		{54B043E8-09BA-4C1C-A319-CA3D49BE5367}.Release|x86.ActiveCfg = Release|Win32
		{54B043E8-09BA-4C1C-A319-CA3D49BE5367}.Release|x86.Build.0 = Release|Win32
	EndGlobalSection
	GlobalSection(SolutionProperties) = preSolution
		HideSolutionNode = FALSE
	EndGlobalSection
	GlobalSection(NestedProjects) = preSolution
		{26E8FF73-E5A4-447F-8834-A4AF2AE8DFB9} = {AF6F0E8B-EC29-4FA9-9864-9D0148A4FDDF}
		{4C7E2647-B087-4C26-98E6-8EEFC1B2DEF0} = {AF6F0E8B-EC29-4FA9-9864-9D0148A4FDDF}
		{D97E86DA-26D6-4734-A181-9582AACD4687} = {AF6F0E8B-EC29-4FA9-9864-9D0148A4FDDF}
		{48020D9C-5FD9-4368-B1B5-53B63B42652E} = {AF6F0E8B-EC29-4FA9-9864-9D0148A4FDDF}
		{BF02DB87-2840-4A91-972B-92798B848CB2} = {AF6F0E8B-EC29-4FA9-9864-9D0148A4FDDF}
		{90AE4028-8AC5-4F8F-B96E-EC96CB9EA4F7} = {AF6F0E8B-EC29-4FA9-9864-9D0148A4FDDF}
		{A868363E-048F-4761-B99F-D3DD77583E5D} = {AF6F0E8B-EC29-4FA9-9864-9D0148A4FDDF}
		{73AC4C44-316D-4682-B63F-AC7CEB882A6D} = {AF6F0E8B-EC29-4FA9-9864-9D0148A4FDDF}
		{54B043E8-09BA-4C1C-A319-CA3D49BE5367} = {AF6F0E8B-EC29-4FA9-9864-9D0148A4FDDF}
	EndGlobalSection
	GlobalSection(ExtensibilityGlobals) = postSolution
		SolutionGuid = {A5257C50-3AB8-427E-9E81-2F336C9F8DAC}
	EndGlobalSection
EndGlobal
