
Microsoft Visual Studio Solution File, Format Version 12.00
# Visual Studio Version 16
VisualStudioVersion = 16.0.31624.102
MinimumVisualStudioVersion = 10.0.40219.1
Project("{2150E333-8FDC-42A3-9474-1A3956D46DE8}") = "Exercises", "Exercises", "{040AB1BA-17B8-48EC-89AB-28138B6073B5}"
EndProject
Project("{2150E333-8FDC-42A3-9474-1A3956D46DE8}") = "Lectures", "Lectures", "{AF6F0E8B-EC29-4FA9-9864-9D0148A4FDDF}"
EndProject
Project("{2150E333-8FDC-42A3-9474-1A3956D46DE8}") = "MoreExercises", "MoreExercises", "{96E0649F-CBC7-4751-835F-221AC51DA82B}"
EndProject
Project("{8BC9CEB8-8B4A-11D0-8D11-00A0C91BC942}") = "P01HelloSoftUni", "Lectures\P01HelloSoftUni\P01HelloSoftUni.vcxproj", "{26E8FF73-E5A4-447F-8834-A4AF2AE8DFB9}"
EndProject
Project("{8BC9CEB8-8B4A-11D0-8D11-00A0C91BC942}") = "P02Nums1To10", "Lectures\P02Nums1To10\P02Nums1To10.vcxproj", "{4C7E2647-B087-4C26-98E6-8EEFC1B2DEF0}"
EndProject
Project("{8BC9CEB8-8B4A-11D0-8D11-00A0C91BC942}") = "P03SquareArea", "Lectures\P03SquareArea\P03SquareArea.vcxproj", "{D97E86DA-26D6-4734-A181-9582AACD4687}"
EndProject
Project("{8BC9CEB8-8B4A-11D0-8D11-00A0C91BC942}") = "P04InchesToCentimeters", "Lectures\P04InchesToCentimeters\P04InchesToCentimeters.vcxproj", "{48020D9C-5FD9-4368-B1B5-53B63B42652E}"
EndProject
Project("{8BC9CEB8-8B4A-11D0-8D11-00A0C91BC942}") = "P05GreetingByName", "Lectures\P05GreetingByName\P05GreetingByName.vcxproj", "{BF02DB87-2840-4A91-972B-92798B848CB2}"
EndProject
Project("{8BC9CEB8-8B4A-11D0-8D11-00A0C91BC942}") = "P06ConcatenateData", "Lectures\P06ConcatenateData\P06ConcatenateData.vcxproj", "{90AE4028-8AC5-4F8F-B96E-EC96CB9EA4F7}"
EndProject
Project("{8BC9CEB8-8B4A-11D0-8D11-00A0C91BC942}") = "P07ProjectsCreation", "Lectures\P07ProjectsCreation\P07ProjectsCreation.vcxproj", "{A868363E-048F-4761-B99F-D3DD77583E5D}"
EndProject
Project("{8BC9CEB8-8B4A-11D0-8D11-00A0C91BC942}") = "P08PetShop", "Lectures\P08PetShop\P08PetShop.vcxproj", "{73AC4C44-316D-4682-B63F-AC7CEB882A6D}"
EndProject
Project("{8BC9CEB8-8B4A-11D0-8D11-00A0C91BC942}") = "P09YardGreening", "Lectures\P09YardGreening\P09YardGreening.vcxproj", "{54B043E8-09BA-4C1C-A319-CA3D49BE5367}"
EndProject
Project("{8BC9CEB8-8B4A-11D0-8D11-00A0C91BC942}") = "P01UsdToBgn", "Exercises\P01UsdToBgn\P01UsdToBgn.vcxproj", "{6FE61554-8DA8-410C-A0AA-5AED80E63F71}"
EndProject
Project("{8BC9CEB8-8B4A-11D0-8D11-00A0C91BC942}") = "P02RadiansToDegrees", "Exercises\P02RadiansToDegrees\P02RadiansToDegrees.vcxproj", "{9B0E9837-EB61-4F4A-ABAA-A80617B0A018}"
EndProject
Project("{8BC9CEB8-8B4A-11D0-8D11-00A0C91BC942}") = "P03DepositCalculator", "Exercises\P03DepositCalculator\P03DepositCalculator.vcxproj", "{CEB66E9E-54B4-4933-B1B3-2C6EEDB9BB31}"
EndProject
Project("{8BC9CEB8-8B4A-11D0-8D11-00A0C91BC942}") = "P04VacationBooksList", "Exercises\P04VacationBooksList\P04VacationBooksList.vcxproj", "{D4043E23-20C3-41D9-B0F1-E41F13DCF8AF}"
EndProject
Project("{8BC9CEB8-8B4A-11D0-8D11-00A0C91BC942}") = "P05BirthdayParty", "Exercises\P05BirthdayParty\P05BirthdayParty.vcxproj", "{EF0ADD58-1659-466C-B15C-CA5D9179BD34}"
EndProject
Project("{8BC9CEB8-8B4A-11D0-8D11-00A0C91BC942}") = "P06CharityCampaign", "Exercises\P06CharityCampaign\P06CharityCampaign.vcxproj", "{8E69041B-BD7B-4481-AB1E-34B97EA02A09}"
EndProject
Project("{8BC9CEB8-8B4A-11D0-8D11-00A0C91BC942}") = "P07FruitMarket", "Exercises\P07FruitMarket\P07FruitMarket.vcxproj", "{B69EBA37-B5B4-4603-A3BA-8C71EDAE792E}"
EndProject
Project("{8BC9CEB8-8B4A-11D0-8D11-00A0C91BC942}") = "P08FishTank", "Exercises\P08FishTank\P08FishTank.vcxproj", "{3E092AFF-07D1-4E13-A525-314D1CE47714}"
EndProject
Project("{8BC9CEB8-8B4A-11D0-8D11-00A0C91BC942}") = "P01TrapeziodArea", "MoreExercises\P01TrapeziodArea\P01TrapeziodArea.vcxproj", "{F263F7AD-82E3-4E1F-BE2C-C43308A5653E}"
EndProject
Project("{8BC9CEB8-8B4A-11D0-8D11-00A0C91BC942}") = "P02TriangleArea", "MoreExercises\P02TriangleArea\P02TriangleArea.vcxproj", "{52E65A46-E4BA-48D1-BB03-76B7A49AAD1F}"
EndProject
Project("{8BC9CEB8-8B4A-11D0-8D11-00A0C91BC942}") = "P03CelsiusToFahrenheit", "MoreExercises\P03CelsiusToFahrenheit\P03CelsiusToFahrenheit.vcxproj", "{2A1681EA-39FA-4015-B52B-205C5DC78AED}"
EndProject
Project("{8BC9CEB8-8B4A-11D0-8D11-00A0C91BC942}") = "P04VegetableMarket", "MoreExercises\P04VegetableMarket\P04VegetableMarket.vcxproj", "{ACB9D0F5-2DBA-4998-90A5-04DCA84CB6CC}"
EndProject
Project("{8BC9CEB8-8B4A-11D0-8D11-00A0C91BC942}") = "P05TrainingLab", "MoreExercises\P05TrainingLab\P05TrainingLab.vcxproj", "{C91E97BF-CD11-4622-8AA8-E90EACA43201}"
EndProject
Project("{8BC9CEB8-8B4A-11D0-8D11-00A0C91BC942}") = "P06Fishland", "MoreExercises\P06Fishland\P06Fishland.vcxproj", "{3411ED9B-E4D8-426A-AC73-2F5F086428B7}"
EndProject
Project("{8BC9CEB8-8B4A-11D0-8D11-00A0C91BC942}") = "P07HousePainting", "MoreExercises\P07HousePainting\P07HousePainting.vcxproj", "{E60F1E80-80A7-42F7-ACDD-FF5A213096DF}"
EndProject
Project("{8BC9CEB8-8B4A-11D0-8D11-00A0C91BC942}") = "P08CircleAreaAndPerimeter", "MoreExercises\P08CircleAreaAndPerimeter\P08CircleAreaAndPerimeter.vcxproj", "{764017C7-FBF2-4BDA-B5A8-4F24BCCB5150}"
EndProject
Project("{8BC9CEB8-8B4A-11D0-8D11-00A0C91BC942}") = "P09WeatherForecast", "MoreExercises\P09WeatherForecast\P09WeatherForecast.vcxproj", "{03927099-7340-4DBC-95BE-98354436220F}"
EndProject
Project("{8BC9CEB8-8B4A-11D0-8D11-00A0C91BC942}") = "P10WeatherForecastPart2", "MoreExercises\P10WeatherForecastPart2\P10WeatherForecastPart2.vcxproj", "{CAB3911A-E83B-4C0E-8F34-28EB8E3FDBE6}"
EndProject
Global
	GlobalSection(SolutionConfigurationPlatforms) = preSolution
		Debug|x64 = Debug|x64
		Debug|x86 = Debug|x86
		Release|x64 = Release|x64
		Release|x86 = Release|x86
	EndGlobalSection
	GlobalSection(ProjectConfigurationPlatforms) = postSolution
		{26E8FF73-E5A4-447F-8834-A4AF2AE8DFB9}.Debug|x64.ActiveCfg = Debug|x64
		{26E8FF73-E5A4-447F-8834-A4AF2AE8DFB9}.Debug|x64.Build.0 = Debug|x64
		{26E8FF73-E5A4-447F-8834-A4AF2AE8DFB9}.Debug|x86.ActiveCfg = Debug|Win32
		{26E8FF73-E5A4-447F-8834-A4AF2AE8DFB9}.Debug|x86.Build.0 = Debug|Win32
		{26E8FF73-E5A4-447F-8834-A4AF2AE8DFB9}.Release|x64.ActiveCfg = Release|x64
		{26E8FF73-E5A4-447F-8834-A4AF2AE8DFB9}.Release|x64.Build.0 = Release|x64
		{26E8FF73-E5A4-447F-8834-A4AF2AE8DFB9}.Release|x86.ActiveCfg = Release|Win32
		{26E8FF73-E5A4-447F-8834-A4AF2AE8DFB9}.Release|x86.Build.0 = Release|Win32
		{4C7E2647-B087-4C26-98E6-8EEFC1B2DEF0}.Debug|x64.ActiveCfg = Debug|x64
		{4C7E2647-B087-4C26-98E6-8EEFC1B2DEF0}.Debug|x64.Build.0 = Debug|x64
		{4C7E2647-B087-4C26-98E6-8EEFC1B2DEF0}.Debug|x86.ActiveCfg = Debug|Win32
		{4C7E2647-B087-4C26-98E6-8EEFC1B2DEF0}.Debug|x86.Build.0 = Debug|Win32
		{4C7E2647-B087-4C26-98E6-8EEFC1B2DEF0}.Release|x64.ActiveCfg = Release|x64
		{4C7E2647-B087-4C26-98E6-8EEFC1B2DEF0}.Release|x64.Build.0 = Release|x64
		{4C7E2647-B087-4C26-98E6-8EEFC1B2DEF0}.Release|x86.ActiveCfg = Release|Win32
		{4C7E2647-B087-4C26-98E6-8EEFC1B2DEF0}.Release|x86.Build.0 = Release|Win32
		{D97E86DA-26D6-4734-A181-9582AACD4687}.Debug|x64.ActiveCfg = Debug|x64
		{D97E86DA-26D6-4734-A181-9582AACD4687}.Debug|x64.Build.0 = Debug|x64
		{D97E86DA-26D6-4734-A181-9582AACD4687}.Debug|x86.ActiveCfg = Debug|Win32
		{D97E86DA-26D6-4734-A181-9582AACD4687}.Debug|x86.Build.0 = Debug|Win32
		{D97E86DA-26D6-4734-A181-9582AACD4687}.Release|x64.ActiveCfg = Release|x64
		{D97E86DA-26D6-4734-A181-9582AACD4687}.Release|x64.Build.0 = Release|x64
		{D97E86DA-26D6-4734-A181-9582AACD4687}.Release|x86.ActiveCfg = Release|Win32
		{D97E86DA-26D6-4734-A181-9582AACD4687}.Release|x86.Build.0 = Release|Win32
		{48020D9C-5FD9-4368-B1B5-53B63B42652E}.Debug|x64.ActiveCfg = Debug|x64
		{48020D9C-5FD9-4368-B1B5-53B63B42652E}.Debug|x64.Build.0 = Debug|x64
		{48020D9C-5FD9-4368-B1B5-53B63B42652E}.Debug|x86.ActiveCfg = Debug|Win32
		{48020D9C-5FD9-4368-B1B5-53B63B42652E}.Debug|x86.Build.0 = Debug|Win32
		{48020D9C-5FD9-4368-B1B5-53B63B42652E}.Release|x64.ActiveCfg = Release|x64
		{48020D9C-5FD9-4368-B1B5-53B63B42652E}.Release|x64.Build.0 = Release|x64
		{48020D9C-5FD9-4368-B1B5-53B63B42652E}.Release|x86.ActiveCfg = Release|Win32
		{48020D9C-5FD9-4368-B1B5-53B63B42652E}.Release|x86.Build.0 = Release|Win32
		{BF02DB87-2840-4A91-972B-92798B848CB2}.Debug|x64.ActiveCfg = Debug|x64
		{BF02DB87-2840-4A91-972B-92798B848CB2}.Debug|x64.Build.0 = Debug|x64
		{BF02DB87-2840-4A91-972B-92798B848CB2}.Debug|x86.ActiveCfg = Debug|Win32
		{BF02DB87-2840-4A91-972B-92798B848CB2}.Debug|x86.Build.0 = Debug|Win32
		{BF02DB87-2840-4A91-972B-92798B848CB2}.Release|x64.ActiveCfg = Release|x64
		{BF02DB87-2840-4A91-972B-92798B848CB2}.Release|x64.Build.0 = Release|x64
		{BF02DB87-2840-4A91-972B-92798B848CB2}.Release|x86.ActiveCfg = Release|Win32
		{BF02DB87-2840-4A91-972B-92798B848CB2}.Release|x86.Build.0 = Release|Win32
		{90AE4028-8AC5-4F8F-B96E-EC96CB9EA4F7}.Debug|x64.ActiveCfg = Debug|x64
		{90AE4028-8AC5-4F8F-B96E-EC96CB9EA4F7}.Debug|x64.Build.0 = Debug|x64
		{90AE4028-8AC5-4F8F-B96E-EC96CB9EA4F7}.Debug|x86.ActiveCfg = Debug|Win32
		{90AE4028-8AC5-4F8F-B96E-EC96CB9EA4F7}.Debug|x86.Build.0 = Debug|Win32
		{90AE4028-8AC5-4F8F-B96E-EC96CB9EA4F7}.Release|x64.ActiveCfg = Release|x64
		{90AE4028-8AC5-4F8F-B96E-EC96CB9EA4F7}.Release|x64.Build.0 = Release|x64
		{90AE4028-8AC5-4F8F-B96E-EC96CB9EA4F7}.Release|x86.ActiveCfg = Release|Win32
		{90AE4028-8AC5-4F8F-B96E-EC96CB9EA4F7}.Release|x86.Build.0 = Release|Win32
		{A868363E-048F-4761-B99F-D3DD77583E5D}.Debug|x64.ActiveCfg = Debug|x64
		{A868363E-048F-4761-B99F-D3DD77583E5D}.Debug|x64.Build.0 = Debug|x64
		{A868363E-048F-4761-B99F-D3DD77583E5D}.Debug|x86.ActiveCfg = Debug|Win32
		{A868363E-048F-4761-B99F-D3DD77583E5D}.Debug|x86.Build.0 = Debug|Win32
		{A868363E-048F-4761-B99F-D3DD77583E5D}.Release|x64.ActiveCfg = Release|x64
		{A868363E-048F-4761-B99F-D3DD77583E5D}.Release|x64.Build.0 = Release|x64
		{A868363E-048F-4761-B99F-D3DD77583E5D}.Release|x86.ActiveCfg = Release|Win32
		{A868363E-048F-4761-B99F-D3DD77583E5D}.Release|x86.Build.0 = Release|Win32
		{73AC4C44-316D-4682-B63F-AC7CEB882A6D}.Debug|x64.ActiveCfg = Debug|x64
		{73AC4C44-316D-4682-B63F-AC7CEB882A6D}.Debug|x64.Build.0 = Debug|x64
		{73AC4C44-316D-4682-B63F-AC7CEB882A6D}.Debug|x86.ActiveCfg = Debug|Win32
		{73AC4C44-316D-4682-B63F-AC7CEB882A6D}.Debug|x86.Build.0 = Debug|Win32
		{73AC4C44-316D-4682-B63F-AC7CEB882A6D}.Release|x64.ActiveCfg = Release|x64
		{73AC4C44-316D-4682-B63F-AC7CEB882A6D}.Release|x64.Build.0 = Release|x64
		{73AC4C44-316D-4682-B63F-AC7CEB882A6D}.Release|x86.ActiveCfg = Release|Win32
		{73AC4C44-316D-4682-B63F-AC7CEB882A6D}.Release|x86.Build.0 = Release|Win32
		{54B043E8-09BA-4C1C-A319-CA3D49BE5367}.Debug|x64.ActiveCfg = Debug|x64
		{54B043E8-09BA-4C1C-A319-CA3D49BE5367}.Debug|x64.Build.0 = Debug|x64
		{54B043E8-09BA-4C1C-A319-CA3D49BE5367}.Debug|x86.ActiveCfg = Debug|Win32
		{54B043E8-09BA-4C1C-A319-CA3D49BE5367}.Debug|x86.Build.0 = Debug|Win32
		{54B043E8-09BA-4C1C-A319-CA3D49BE5367}.Release|x64.ActiveCfg = Release|x64
		{54B043E8-09BA-4C1C-A319-CA3D49BE5367}.Release|x64.Build.0 = Release|x64
		{54B043E8-09BA-4C1C-A319-CA3D49BE5367}.Release|x86.ActiveCfg = Release|Win32
		{54B043E8-09BA-4C1C-A319-CA3D49BE5367}.Release|x86.Build.0 = Release|Win32
		{6FE61554-8DA8-410C-A0AA-5AED80E63F71}.Debug|x64.ActiveCfg = Debug|x64
		{6FE61554-8DA8-410C-A0AA-5AED80E63F71}.Debug|x64.Build.0 = Debug|x64
		{6FE61554-8DA8-410C-A0AA-5AED80E63F71}.Debug|x86.ActiveCfg = Debug|Win32
		{6FE61554-8DA8-410C-A0AA-5AED80E63F71}.Debug|x86.Build.0 = Debug|Win32
		{6FE61554-8DA8-410C-A0AA-5AED80E63F71}.Release|x64.ActiveCfg = Release|x64
		{6FE61554-8DA8-410C-A0AA-5AED80E63F71}.Release|x64.Build.0 = Release|x64
		{6FE61554-8DA8-410C-A0AA-5AED80E63F71}.Release|x86.ActiveCfg = Release|Win32
		{6FE61554-8DA8-410C-A0AA-5AED80E63F71}.Release|x86.Build.0 = Release|Win32
		{9B0E9837-EB61-4F4A-ABAA-A80617B0A018}.Debug|x64.ActiveCfg = Debug|x64
		{9B0E9837-EB61-4F4A-ABAA-A80617B0A018}.Debug|x64.Build.0 = Debug|x64
		{9B0E9837-EB61-4F4A-ABAA-A80617B0A018}.Debug|x86.ActiveCfg = Debug|Win32
		{9B0E9837-EB61-4F4A-ABAA-A80617B0A018}.Debug|x86.Build.0 = Debug|Win32
		{9B0E9837-EB61-4F4A-ABAA-A80617B0A018}.Release|x64.ActiveCfg = Release|x64
		{9B0E9837-EB61-4F4A-ABAA-A80617B0A018}.Release|x64.Build.0 = Release|x64
		{9B0E9837-EB61-4F4A-ABAA-A80617B0A018}.Release|x86.ActiveCfg = Release|Win32
		{9B0E9837-EB61-4F4A-ABAA-A80617B0A018}.Release|x86.Build.0 = Release|Win32
		{CEB66E9E-54B4-4933-B1B3-2C6EEDB9BB31}.Debug|x64.ActiveCfg = Debug|x64
		{CEB66E9E-54B4-4933-B1B3-2C6EEDB9BB31}.Debug|x64.Build.0 = Debug|x64
		{CEB66E9E-54B4-4933-B1B3-2C6EEDB9BB31}.Debug|x86.ActiveCfg = Debug|Win32
		{CEB66E9E-54B4-4933-B1B3-2C6EEDB9BB31}.Debug|x86.Build.0 = Debug|Win32
		{CEB66E9E-54B4-4933-B1B3-2C6EEDB9BB31}.Release|x64.ActiveCfg = Release|x64
		{CEB66E9E-54B4-4933-B1B3-2C6EEDB9BB31}.Release|x64.Build.0 = Release|x64
		{CEB66E9E-54B4-4933-B1B3-2C6EEDB9BB31}.Release|x86.ActiveCfg = Release|Win32
		{CEB66E9E-54B4-4933-B1B3-2C6EEDB9BB31}.Release|x86.Build.0 = Release|Win32
		{D4043E23-20C3-41D9-B0F1-E41F13DCF8AF}.Debug|x64.ActiveCfg = Debug|x64
		{D4043E23-20C3-41D9-B0F1-E41F13DCF8AF}.Debug|x64.Build.0 = Debug|x64
		{D4043E23-20C3-41D9-B0F1-E41F13DCF8AF}.Debug|x86.ActiveCfg = Debug|Win32
		{D4043E23-20C3-41D9-B0F1-E41F13DCF8AF}.Debug|x86.Build.0 = Debug|Win32
		{D4043E23-20C3-41D9-B0F1-E41F13DCF8AF}.Release|x64.ActiveCfg = Release|x64
		{D4043E23-20C3-41D9-B0F1-E41F13DCF8AF}.Release|x64.Build.0 = Release|x64
		{D4043E23-20C3-41D9-B0F1-E41F13DCF8AF}.Release|x86.ActiveCfg = Release|Win32
		{D4043E23-20C3-41D9-B0F1-E41F13DCF8AF}.Release|x86.Build.0 = Release|Win32
		{EF0ADD58-1659-466C-B15C-CA5D9179BD34}.Debug|x64.ActiveCfg = Debug|x64
		{EF0ADD58-1659-466C-B15C-CA5D9179BD34}.Debug|x64.Build.0 = Debug|x64
		{EF0ADD58-1659-466C-B15C-CA5D9179BD34}.Debug|x86.ActiveCfg = Debug|Win32
		{EF0ADD58-1659-466C-B15C-CA5D9179BD34}.Debug|x86.Build.0 = Debug|Win32
		{EF0ADD58-1659-466C-B15C-CA5D9179BD34}.Release|x64.ActiveCfg = Release|x64
		{EF0ADD58-1659-466C-B15C-CA5D9179BD34}.Release|x64.Build.0 = Release|x64
		{EF0ADD58-1659-466C-B15C-CA5D9179BD34}.Release|x86.ActiveCfg = Release|Win32
		{EF0ADD58-1659-466C-B15C-CA5D9179BD34}.Release|x86.Build.0 = Release|Win32
		{8E69041B-BD7B-4481-AB1E-34B97EA02A09}.Debug|x64.ActiveCfg = Debug|x64
		{8E69041B-BD7B-4481-AB1E-34B97EA02A09}.Debug|x64.Build.0 = Debug|x64
		{8E69041B-BD7B-4481-AB1E-34B97EA02A09}.Debug|x86.ActiveCfg = Debug|Win32
		{8E69041B-BD7B-4481-AB1E-34B97EA02A09}.Debug|x86.Build.0 = Debug|Win32
		{8E69041B-BD7B-4481-AB1E-34B97EA02A09}.Release|x64.ActiveCfg = Release|x64
		{8E69041B-BD7B-4481-AB1E-34B97EA02A09}.Release|x64.Build.0 = Release|x64
		{8E69041B-BD7B-4481-AB1E-34B97EA02A09}.Release|x86.ActiveCfg = Release|Win32
		{8E69041B-BD7B-4481-AB1E-34B97EA02A09}.Release|x86.Build.0 = Release|Win32
		{B69EBA37-B5B4-4603-A3BA-8C71EDAE792E}.Debug|x64.ActiveCfg = Debug|x64
		{B69EBA37-B5B4-4603-A3BA-8C71EDAE792E}.Debug|x64.Build.0 = Debug|x64
		{B69EBA37-B5B4-4603-A3BA-8C71EDAE792E}.Debug|x86.ActiveCfg = Debug|Win32
		{B69EBA37-B5B4-4603-A3BA-8C71EDAE792E}.Debug|x86.Build.0 = Debug|Win32
		{B69EBA37-B5B4-4603-A3BA-8C71EDAE792E}.Release|x64.ActiveCfg = Release|x64
		{B69EBA37-B5B4-4603-A3BA-8C71EDAE792E}.Release|x64.Build.0 = Release|x64
		{B69EBA37-B5B4-4603-A3BA-8C71EDAE792E}.Release|x86.ActiveCfg = Release|Win32
		{B69EBA37-B5B4-4603-A3BA-8C71EDAE792E}.Release|x86.Build.0 = Release|Win32
		{3E092AFF-07D1-4E13-A525-314D1CE47714}.Debug|x64.ActiveCfg = Debug|x64
		{3E092AFF-07D1-4E13-A525-314D1CE47714}.Debug|x64.Build.0 = Debug|x64
		{3E092AFF-07D1-4E13-A525-314D1CE47714}.Debug|x86.ActiveCfg = Debug|Win32
		{3E092AFF-07D1-4E13-A525-314D1CE47714}.Debug|x86.Build.0 = Debug|Win32
		{3E092AFF-07D1-4E13-A525-314D1CE47714}.Release|x64.ActiveCfg = Release|x64
		{3E092AFF-07D1-4E13-A525-314D1CE47714}.Release|x64.Build.0 = Release|x64
		{3E092AFF-07D1-4E13-A525-314D1CE47714}.Release|x86.ActiveCfg = Release|Win32
		{3E092AFF-07D1-4E13-A525-314D1CE47714}.Release|x86.Build.0 = Release|Win32
		{F263F7AD-82E3-4E1F-BE2C-C43308A5653E}.Debug|x64.ActiveCfg = Debug|x64
		{F263F7AD-82E3-4E1F-BE2C-C43308A5653E}.Debug|x64.Build.0 = Debug|x64
		{F263F7AD-82E3-4E1F-BE2C-C43308A5653E}.Debug|x86.ActiveCfg = Debug|Win32
		{F263F7AD-82E3-4E1F-BE2C-C43308A5653E}.Debug|x86.Build.0 = Debug|Win32
		{F263F7AD-82E3-4E1F-BE2C-C43308A5653E}.Release|x64.ActiveCfg = Release|x64
		{F263F7AD-82E3-4E1F-BE2C-C43308A5653E}.Release|x64.Build.0 = Release|x64
		{F263F7AD-82E3-4E1F-BE2C-C43308A5653E}.Release|x86.ActiveCfg = Release|Win32
		{F263F7AD-82E3-4E1F-BE2C-C43308A5653E}.Release|x86.Build.0 = Release|Win32
		{52E65A46-E4BA-48D1-BB03-76B7A49AAD1F}.Debug|x64.ActiveCfg = Debug|x64
		{52E65A46-E4BA-48D1-BB03-76B7A49AAD1F}.Debug|x64.Build.0 = Debug|x64
		{52E65A46-E4BA-48D1-BB03-76B7A49AAD1F}.Debug|x86.ActiveCfg = Debug|Win32
		{52E65A46-E4BA-48D1-BB03-76B7A49AAD1F}.Debug|x86.Build.0 = Debug|Win32
		{52E65A46-E4BA-48D1-BB03-76B7A49AAD1F}.Release|x64.ActiveCfg = Release|x64
		{52E65A46-E4BA-48D1-BB03-76B7A49AAD1F}.Release|x64.Build.0 = Release|x64
		{52E65A46-E4BA-48D1-BB03-76B7A49AAD1F}.Release|x86.ActiveCfg = Release|Win32
		{52E65A46-E4BA-48D1-BB03-76B7A49AAD1F}.Release|x86.Build.0 = Release|Win32
		{2A1681EA-39FA-4015-B52B-205C5DC78AED}.Debug|x64.ActiveCfg = Debug|x64
		{2A1681EA-39FA-4015-B52B-205C5DC78AED}.Debug|x64.Build.0 = Debug|x64
		{2A1681EA-39FA-4015-B52B-205C5DC78AED}.Debug|x86.ActiveCfg = Debug|Win32
		{2A1681EA-39FA-4015-B52B-205C5DC78AED}.Debug|x86.Build.0 = Debug|Win32
		{2A1681EA-39FA-4015-B52B-205C5DC78AED}.Release|x64.ActiveCfg = Release|x64
		{2A1681EA-39FA-4015-B52B-205C5DC78AED}.Release|x64.Build.0 = Release|x64
		{2A1681EA-39FA-4015-B52B-205C5DC78AED}.Release|x86.ActiveCfg = Release|Win32
		{2A1681EA-39FA-4015-B52B-205C5DC78AED}.Release|x86.Build.0 = Release|Win32
		{ACB9D0F5-2DBA-4998-90A5-04DCA84CB6CC}.Debug|x64.ActiveCfg = Debug|x64
		{ACB9D0F5-2DBA-4998-90A5-04DCA84CB6CC}.Debug|x64.Build.0 = Debug|x64
		{ACB9D0F5-2DBA-4998-90A5-04DCA84CB6CC}.Debug|x86.ActiveCfg = Debug|Win32
		{ACB9D0F5-2DBA-4998-90A5-04DCA84CB6CC}.Debug|x86.Build.0 = Debug|Win32
		{ACB9D0F5-2DBA-4998-90A5-04DCA84CB6CC}.Release|x64.ActiveCfg = Release|x64
		{ACB9D0F5-2DBA-4998-90A5-04DCA84CB6CC}.Release|x64.Build.0 = Release|x64
		{ACB9D0F5-2DBA-4998-90A5-04DCA84CB6CC}.Release|x86.ActiveCfg = Release|Win32
		{ACB9D0F5-2DBA-4998-90A5-04DCA84CB6CC}.Release|x86.Build.0 = Release|Win32
		{C91E97BF-CD11-4622-8AA8-E90EACA43201}.Debug|x64.ActiveCfg = Debug|x64
		{C91E97BF-CD11-4622-8AA8-E90EACA43201}.Debug|x64.Build.0 = Debug|x64
		{C91E97BF-CD11-4622-8AA8-E90EACA43201}.Debug|x86.ActiveCfg = Debug|Win32
		{C91E97BF-CD11-4622-8AA8-E90EACA43201}.Debug|x86.Build.0 = Debug|Win32
		{C91E97BF-CD11-4622-8AA8-E90EACA43201}.Release|x64.ActiveCfg = Release|x64
		{C91E97BF-CD11-4622-8AA8-E90EACA43201}.Release|x64.Build.0 = Release|x64
		{C91E97BF-CD11-4622-8AA8-E90EACA43201}.Release|x86.ActiveCfg = Release|Win32
		{C91E97BF-CD11-4622-8AA8-E90EACA43201}.Release|x86.Build.0 = Release|Win32
		{3411ED9B-E4D8-426A-AC73-2F5F086428B7}.Debug|x64.ActiveCfg = Debug|x64
		{3411ED9B-E4D8-426A-AC73-2F5F086428B7}.Debug|x64.Build.0 = Debug|x64
		{3411ED9B-E4D8-426A-AC73-2F5F086428B7}.Debug|x86.ActiveCfg = Debug|Win32
		{3411ED9B-E4D8-426A-AC73-2F5F086428B7}.Debug|x86.Build.0 = Debug|Win32
		{3411ED9B-E4D8-426A-AC73-2F5F086428B7}.Release|x64.ActiveCfg = Release|x64
		{3411ED9B-E4D8-426A-AC73-2F5F086428B7}.Release|x64.Build.0 = Release|x64
		{3411ED9B-E4D8-426A-AC73-2F5F086428B7}.Release|x86.ActiveCfg = Release|Win32
		{3411ED9B-E4D8-426A-AC73-2F5F086428B7}.Release|x86.Build.0 = Release|Win32
		{E60F1E80-80A7-42F7-ACDD-FF5A213096DF}.Debug|x64.ActiveCfg = Debug|x64
		{E60F1E80-80A7-42F7-ACDD-FF5A213096DF}.Debug|x64.Build.0 = Debug|x64
		{E60F1E80-80A7-42F7-ACDD-FF5A213096DF}.Debug|x86.ActiveCfg = Debug|Win32
		{E60F1E80-80A7-42F7-ACDD-FF5A213096DF}.Debug|x86.Build.0 = Debug|Win32
		{E60F1E80-80A7-42F7-ACDD-FF5A213096DF}.Release|x64.ActiveCfg = Release|x64
		{E60F1E80-80A7-42F7-ACDD-FF5A213096DF}.Release|x64.Build.0 = Release|x64
		{E60F1E80-80A7-42F7-ACDD-FF5A213096DF}.Release|x86.ActiveCfg = Release|Win32
		{E60F1E80-80A7-42F7-ACDD-FF5A213096DF}.Release|x86.Build.0 = Release|Win32
		{764017C7-FBF2-4BDA-B5A8-4F24BCCB5150}.Debug|x64.ActiveCfg = Debug|x64
		{764017C7-FBF2-4BDA-B5A8-4F24BCCB5150}.Debug|x64.Build.0 = Debug|x64
		{764017C7-FBF2-4BDA-B5A8-4F24BCCB5150}.Debug|x86.ActiveCfg = Debug|Win32
		{764017C7-FBF2-4BDA-B5A8-4F24BCCB5150}.Debug|x86.Build.0 = Debug|Win32
		{764017C7-FBF2-4BDA-B5A8-4F24BCCB5150}.Release|x64.ActiveCfg = Release|x64
		{764017C7-FBF2-4BDA-B5A8-4F24BCCB5150}.Release|x64.Build.0 = Release|x64
		{764017C7-FBF2-4BDA-B5A8-4F24BCCB5150}.Release|x86.ActiveCfg = Release|Win32
		{764017C7-FBF2-4BDA-B5A8-4F24BCCB5150}.Release|x86.Build.0 = Release|Win32
		{03927099-7340-4DBC-95BE-98354436220F}.Debug|x64.ActiveCfg = Debug|x64
		{03927099-7340-4DBC-95BE-98354436220F}.Debug|x64.Build.0 = Debug|x64
		{03927099-7340-4DBC-95BE-98354436220F}.Debug|x86.ActiveCfg = Debug|Win32
		{03927099-7340-4DBC-95BE-98354436220F}.Debug|x86.Build.0 = Debug|Win32
		{03927099-7340-4DBC-95BE-98354436220F}.Release|x64.ActiveCfg = Release|x64
		{03927099-7340-4DBC-95BE-98354436220F}.Release|x64.Build.0 = Release|x64
		{03927099-7340-4DBC-95BE-98354436220F}.Release|x86.ActiveCfg = Release|Win32
		{03927099-7340-4DBC-95BE-98354436220F}.Release|x86.Build.0 = Release|Win32
		{CAB3911A-E83B-4C0E-8F34-28EB8E3FDBE6}.Debug|x64.ActiveCfg = Debug|x64
		{CAB3911A-E83B-4C0E-8F34-28EB8E3FDBE6}.Debug|x64.Build.0 = Debug|x64
		{CAB3911A-E83B-4C0E-8F34-28EB8E3FDBE6}.Debug|x86.ActiveCfg = Debug|Win32
		{CAB3911A-E83B-4C0E-8F34-28EB8E3FDBE6}.Debug|x86.Build.0 = Debug|Win32
		{CAB3911A-E83B-4C0E-8F34-28EB8E3FDBE6}.Release|x64.ActiveCfg = Release|x64
		{CAB3911A-E83B-4C0E-8F34-28EB8E3FDBE6}.Release|x64.Build.0 = Release|x64
		{CAB3911A-E83B-4C0E-8F34-28EB8E3FDBE6}.Release|x86.ActiveCfg = Release|Win32
		{CAB3911A-E83B-4C0E-8F34-28EB8E3FDBE6}.Release|x86.Build.0 = Release|Win32
	EndGlobalSection
	GlobalSection(SolutionProperties) = preSolution
		HideSolutionNode = FALSE
	EndGlobalSection
	GlobalSection(NestedProjects) = preSolution
		{26E8FF73-E5A4-447F-8834-A4AF2AE8DFB9} = {AF6F0E8B-EC29-4FA9-9864-9D0148A4FDDF}
		{4C7E2647-B087-4C26-98E6-8EEFC1B2DEF0} = {AF6F0E8B-EC29-4FA9-9864-9D0148A4FDDF}
		{D97E86DA-26D6-4734-A181-9582AACD4687} = {AF6F0E8B-EC29-4FA9-9864-9D0148A4FDDF}
		{48020D9C-5FD9-4368-B1B5-53B63B42652E} = {AF6F0E8B-EC29-4FA9-9864-9D0148A4FDDF}
		{BF02DB87-2840-4A91-972B-92798B848CB2} = {AF6F0E8B-EC29-4FA9-9864-9D0148A4FDDF}
		{90AE4028-8AC5-4F8F-B96E-EC96CB9EA4F7} = {AF6F0E8B-EC29-4FA9-9864-9D0148A4FDDF}
		{A868363E-048F-4761-B99F-D3DD77583E5D} = {AF6F0E8B-EC29-4FA9-9864-9D0148A4FDDF}
		{73AC4C44-316D-4682-B63F-AC7CEB882A6D} = {AF6F0E8B-EC29-4FA9-9864-9D0148A4FDDF}
		{54B043E8-09BA-4C1C-A319-CA3D49BE5367} = {AF6F0E8B-EC29-4FA9-9864-9D0148A4FDDF}
		{6FE61554-8DA8-410C-A0AA-5AED80E63F71} = {040AB1BA-17B8-48EC-89AB-28138B6073B5}
		{9B0E9837-EB61-4F4A-ABAA-A80617B0A018} = {040AB1BA-17B8-48EC-89AB-28138B6073B5}
		{CEB66E9E-54B4-4933-B1B3-2C6EEDB9BB31} = {040AB1BA-17B8-48EC-89AB-28138B6073B5}
		{D4043E23-20C3-41D9-B0F1-E41F13DCF8AF} = {040AB1BA-17B8-48EC-89AB-28138B6073B5}
		{EF0ADD58-1659-466C-B15C-CA5D9179BD34} = {040AB1BA-17B8-48EC-89AB-28138B6073B5}
		{8E69041B-BD7B-4481-AB1E-34B97EA02A09} = {040AB1BA-17B8-48EC-89AB-28138B6073B5}
		{B69EBA37-B5B4-4603-A3BA-8C71EDAE792E} = {040AB1BA-17B8-48EC-89AB-28138B6073B5}
		{3E092AFF-07D1-4E13-A525-314D1CE47714} = {040AB1BA-17B8-48EC-89AB-28138B6073B5}
		{F263F7AD-82E3-4E1F-BE2C-C43308A5653E} = {96E0649F-CBC7-4751-835F-221AC51DA82B}
		{52E65A46-E4BA-48D1-BB03-76B7A49AAD1F} = {96E0649F-CBC7-4751-835F-221AC51DA82B}
		{2A1681EA-39FA-4015-B52B-205C5DC78AED} = {96E0649F-CBC7-4751-835F-221AC51DA82B}
		{ACB9D0F5-2DBA-4998-90A5-04DCA84CB6CC} = {96E0649F-CBC7-4751-835F-221AC51DA82B}
		{C91E97BF-CD11-4622-8AA8-E90EACA43201} = {96E0649F-CBC7-4751-835F-221AC51DA82B}
		{3411ED9B-E4D8-426A-AC73-2F5F086428B7} = {96E0649F-CBC7-4751-835F-221AC51DA82B}
		{E60F1E80-80A7-42F7-ACDD-FF5A213096DF} = {96E0649F-CBC7-4751-835F-221AC51DA82B}
		{764017C7-FBF2-4BDA-B5A8-4F24BCCB5150} = {96E0649F-CBC7-4751-835F-221AC51DA82B}
		{03927099-7340-4DBC-95BE-98354436220F} = {96E0649F-CBC7-4751-835F-221AC51DA82B}
		{CAB3911A-E83B-4C0E-8F34-28EB8E3FDBE6} = {96E0649F-CBC7-4751-835F-221AC51DA82B}
	EndGlobalSection
	GlobalSection(ExtensibilityGlobals) = postSolution
		SolutionGuid = {A5257C50-3AB8-427E-9E81-2F336C9F8DAC}
	EndGlobalSection
EndGlobal
